// !$*UTF8*$!
{
	archiveVersion = 1;
	classes = {
	};
	objectVersion = 46;
	objects = {

/* Begin PBXBuildFile section */
		17E150541E8DCFAE009D34F6 /* AppDelegate.swift in Sources */ = {isa = PBXBuildFile; fileRef = 17E150531E8DCFAE009D34F6 /* AppDelegate.swift */; };
		17E150561E8DCFAE009D34F6 /* ViewController.swift in Sources */ = {isa = PBXBuildFile; fileRef = 17E150551E8DCFAE009D34F6 /* ViewController.swift */; };
		17E150591E8DCFAE009D34F6 /* Main.storyboard in Resources */ = {isa = PBXBuildFile; fileRef = 17E150571E8DCFAE009D34F6 /* Main.storyboard */; };
		17E1505B1E8DCFAE009D34F6 /* Assets.xcassets in Resources */ = {isa = PBXBuildFile; fileRef = 17E1505A1E8DCFAE009D34F6 /* Assets.xcassets */; };
		17E1505E1E8DCFAE009D34F6 /* LaunchScreen.storyboard in Resources */ = {isa = PBXBuildFile; fileRef = 17E1505C1E8DCFAE009D34F6 /* LaunchScreen.storyboard */; };
		17E150661E8F052F009D34F6 /* GoogleService-Info.plist in Resources */ = {isa = PBXBuildFile; fileRef = 17E150651E8F052F009D34F6 /* GoogleService-Info.plist */; };
		9CDE9467A39340270EFDA2BD /* Pods_GoCCBC.framework in Frameworks */ = {isa = PBXBuildFile; fileRef = 608AED30A496B23D5CB3F1F7 /* Pods_GoCCBC.framework */; };
/* End PBXBuildFile section */

/* Begin PBXFileReference section */
		17E150501E8DCFAE009D34F6 /* GoCCBC.app */ = {isa = PBXFileReference; explicitFileType = wrapper.application; includeInIndex = 0; path = GoCCBC.app; sourceTree = BUILT_PRODUCTS_DIR; };
		17E150531E8DCFAE009D34F6 /* AppDelegate.swift */ = {isa = PBXFileReference; lastKnownFileType = sourcecode.swift; path = AppDelegate.swift; sourceTree = "<group>"; };
		17E150551E8DCFAE009D34F6 /* ViewController.swift */ = {isa = PBXFileReference; lastKnownFileType = sourcecode.swift; path = ViewController.swift; sourceTree = "<group>"; };
		17E150581E8DCFAE009D34F6 /* Base */ = {isa = PBXFileReference; lastKnownFileType = file.storyboard; name = Base; path = Base.lproj/Main.storyboard; sourceTree = "<group>"; };
		17E1505A1E8DCFAE009D34F6 /* Assets.xcassets */ = {isa = PBXFileReference; lastKnownFileType = folder.assetcatalog; path = Assets.xcassets; sourceTree = "<group>"; };
		17E1505D1E8DCFAE009D34F6 /* Base */ = {isa = PBXFileReference; lastKnownFileType = file.storyboard; name = Base; path = Base.lproj/LaunchScreen.storyboard; sourceTree = "<group>"; };
		17E1505F1E8DCFAE009D34F6 /* Info.plist */ = {isa = PBXFileReference; lastKnownFileType = text.plist.xml; path = Info.plist; sourceTree = "<group>"; };
		17E150651E8F052F009D34F6 /* GoogleService-Info.plist */ = {isa = PBXFileReference; fileEncoding = 4; lastKnownFileType = text.plist.xml; path = "GoogleService-Info.plist"; sourceTree = "<group>"; };
		315A0CF3FCA0A4B818F1E464 /* Pods-GoCCBC.debug.xcconfig */ = {isa = PBXFileReference; includeInIndex = 1; lastKnownFileType = text.xcconfig; name = "Pods-GoCCBC.debug.xcconfig"; path = "Pods/Target Support Files/Pods-GoCCBC/Pods-GoCCBC.debug.xcconfig"; sourceTree = "<group>"; };
		49C7CD8606F94FD9941D2F38 /* Pods-GoCCBC.release.xcconfig */ = {isa = PBXFileReference; includeInIndex = 1; lastKnownFileType = text.xcconfig; name = "Pods-GoCCBC.release.xcconfig"; path = "Pods/Target Support Files/Pods-GoCCBC/Pods-GoCCBC.release.xcconfig"; sourceTree = "<group>"; };
		608AED30A496B23D5CB3F1F7 /* Pods_GoCCBC.framework */ = {isa = PBXFileReference; explicitFileType = wrapper.framework; includeInIndex = 0; path = Pods_GoCCBC.framework; sourceTree = BUILT_PRODUCTS_DIR; };
/* End PBXFileReference section */

/* Begin PBXFrameworksBuildPhase section */
		17E1504D1E8DCFAE009D34F6 /* Frameworks */ = {
			isa = PBXFrameworksBuildPhase;
			buildActionMask = 2147483647;
			files = (
				9CDE9467A39340270EFDA2BD /* Pods_GoCCBC.framework in Frameworks */,
			);
			runOnlyForDeploymentPostprocessing = 0;
		};
/* End PBXFrameworksBuildPhase section */

/* Begin PBXGroup section */
		17E150471E8DCFAE009D34F6 = {
			isa = PBXGroup;
			children = (
				17E150521E8DCFAE009D34F6 /* GoCCBC */,
				17E150511E8DCFAE009D34F6 /* Products */,
				CA81028BA82F9E6114B74FA7 /* Pods */,
				BED219724CBB8C74FB79D63A /* Frameworks */,
			);
			sourceTree = "<group>";
		};
		17E150511E8DCFAE009D34F6 /* Products */ = {
			isa = PBXGroup;
			children = (
				17E150501E8DCFAE009D34F6 /* GoCCBC.app */,
			);
			name = Products;
			sourceTree = "<group>";
		};
		17E150521E8DCFAE009D34F6 /* GoCCBC */ = {
			isa = PBXGroup;
			children = (
				17E150531E8DCFAE009D34F6 /* AppDelegate.swift */,
				17E150551E8DCFAE009D34F6 /* ViewController.swift */,
				17E150571E8DCFAE009D34F6 /* Main.storyboard */,
				17E1505A1E8DCFAE009D34F6 /* Assets.xcassets */,
				17E1505C1E8DCFAE009D34F6 /* LaunchScreen.storyboard */,
				17E1505F1E8DCFAE009D34F6 /* Info.plist */,
				17E150651E8F052F009D34F6 /* GoogleService-Info.plist */,
			);
			path = GoCCBC;
			sourceTree = "<group>";
		};
		BED219724CBB8C74FB79D63A /* Frameworks */ = {
			isa = PBXGroup;
			children = (
				608AED30A496B23D5CB3F1F7 /* Pods_GoCCBC.framework */,
			);
			name = Frameworks;
			sourceTree = "<group>";
		};
		CA81028BA82F9E6114B74FA7 /* Pods */ = {
			isa = PBXGroup;
			children = (
				315A0CF3FCA0A4B818F1E464 /* Pods-GoCCBC.debug.xcconfig */,
				49C7CD8606F94FD9941D2F38 /* Pods-GoCCBC.release.xcconfig */,
			);
			name = Pods;
			sourceTree = "<group>";
		};
/* End PBXGroup section */

/* Begin PBXNativeTarget section */
		17E1504F1E8DCFAE009D34F6 /* GoCCBC */ = {
			isa = PBXNativeTarget;
			buildConfigurationList = 17E150621E8DCFAE009D34F6 /* Build configuration list for PBXNativeTarget "GoCCBC" */;
			buildPhases = (
				F745BE1C97A9F88137358E04 /* [CP] Check Pods Manifest.lock */,
				17E1504C1E8DCFAE009D34F6 /* Sources */,
				17E1504D1E8DCFAE009D34F6 /* Frameworks */,
				17E1504E1E8DCFAE009D34F6 /* Resources */,
				1EB6CBD5D967F1FD821935E9 /* [CP] Embed Pods Frameworks */,
				B802C0C2BC342D51C4A8843F /* [CP] Copy Pods Resources */,
			);
			buildRules = (
			);
			dependencies = (
			);
			name = GoCCBC;
			productName = GoCCBC;
			productReference = 17E150501E8DCFAE009D34F6 /* GoCCBC.app */;
			productType = "com.apple.product-type.application";
		};
/* End PBXNativeTarget section */

/* Begin PBXProject section */
		17E150481E8DCFAE009D34F6 /* Project object */ = {
			isa = PBXProject;
			attributes = {
				LastSwiftUpdateCheck = 0830;
				LastUpgradeCheck = 0830;
				ORGANIZATIONNAME = "Ernest Essuah Mensah";
				TargetAttributes = {
					17E1504F1E8DCFAE009D34F6 = {
						CreatedOnToolsVersion = 8.3;
						DevelopmentTeam = 3QZ6NZNBEM;
						ProvisioningStyle = Automatic;
					};
				};
			};
			buildConfigurationList = 17E1504B1E8DCFAE009D34F6 /* Build configuration list for PBXProject "GoCCBC" */;
			compatibilityVersion = "Xcode 3.2";
			developmentRegion = English;
			hasScannedForEncodings = 0;
			knownRegions = (
				en,
				Base,
			);
			mainGroup = 17E150471E8DCFAE009D34F6;
			productRefGroup = 17E150511E8DCFAE009D34F6 /* Products */;
			projectDirPath = "";
			projectRoot = "";
			targets = (
				17E1504F1E8DCFAE009D34F6 /* GoCCBC */,
			);
		};
/* End PBXProject section */

/* Begin PBXResourcesBuildPhase section */
		17E1504E1E8DCFAE009D34F6 /* Resources */ = {
			isa = PBXResourcesBuildPhase;
			buildActionMask = 2147483647;
			files = (
				17E1505E1E8DCFAE009D34F6 /* LaunchScreen.storyboard in Resources */,
				17E1505B1E8DCFAE009D34F6 /* Assets.xcassets in Resources */,
				17E150661E8F052F009D34F6 /* GoogleService-Info.plist in Resources */,
				17E150591E8DCFAE009D34F6 /* Main.storyboard in Resources */,
			);
			runOnlyForDeploymentPostprocessing = 0;
		};
/* End PBXResourcesBuildPhase section */

/* Begin PBXShellScriptBuildPhase section */
		1EB6CBD5D967F1FD821935E9 /* [CP] Embed Pods Frameworks */ = {
			isa = PBXShellScriptBuildPhase;
			buildActionMask = 2147483647;
			files = (
			);
			inputPaths = (
			);
			name = "[CP] Embed Pods Frameworks";
			outputPaths = (
			);
			runOnlyForDeploymentPostprocessing = 0;
			shellPath = /bin/sh;
			shellScript = "\"${SRCROOT}/Pods/Target Support Files/Pods-GoCCBC/Pods-GoCCBC-frameworks.sh\"\n";
			showEnvVarsInLog = 0;
		};
		B802C0C2BC342D51C4A8843F /* [CP] Copy Pods Resources */ = {
			isa = PBXShellScriptBuildPhase;
			buildActionMask = 2147483647;
			files = (
			);
			inputPaths = (
			);
			name = "[CP] Copy Pods Resources";
			outputPaths = (
			);
			runOnlyForDeploymentPostprocessing = 0;
			shellPath = /bin/sh;
			shellScript = "\"${SRCROOT}/Pods/Target Support Files/Pods-GoCCBC/Pods-GoCCBC-resources.sh\"\n";
			showEnvVarsInLog = 0;
		};
		F745BE1C97A9F88137358E04 /* [CP] Check Pods Manifest.lock */ = {
			isa = PBXShellScriptBuildPhase;
			buildActionMask = 2147483647;
			files = (
			);
			inputPaths = (
			);
			name = "[CP] Check Pods Manifest.lock";
			outputPaths = (
			);
			runOnlyForDeploymentPostprocessing = 0;
			shellPath = /bin/sh;
			shellScript = "diff \"${PODS_ROOT}/../Podfile.lock\" \"${PODS_ROOT}/Manifest.lock\" > /dev/null\nif [ $? != 0 ] ; then\n    # print error to STDERR\n    echo \"error: The sandbox is not in sync with the Podfile.lock. Run 'pod install' or update your CocoaPods installation.\" >&2\n    exit 1\nfi\n";
			showEnvVarsInLog = 0;
		};
/* End PBXShellScriptBuildPhase section */

/* Begin PBXSourcesBuildPhase section */
		17E1504C1E8DCFAE009D34F6 /* Sources */ = {
			isa = PBXSourcesBuildPhase;
			buildActionMask = 2147483647;
			files = (
				17E150561E8DCFAE009D34F6 /* ViewController.swift in Sources */,
				17E150541E8DCFAE009D34F6 /* AppDelegate.swift in Sources */,
			);
			runOnlyForDeploymentPostprocessing = 0;
		};
/* End PBXSourcesBuildPhase section */

/* Begin PBXVariantGroup section */
		17E150571E8DCFAE009D34F6 /* Main.storyboard */ = {
			isa = PBXVariantGroup;
			children = (
				17E150581E8DCFAE009D34F6 /* Base */,
			);
			name = Main.storyboard;
			sourceTree = "<group>";
		};
		17E1505C1E8DCFAE009D34F6 /* LaunchScreen.storyboard */ = {
			isa = PBXVariantGroup;
			children = (
				17E1505D1E8DCFAE009D34F6 /* Base */,
			);
			name = LaunchScreen.storyboard;
			sourceTree = "<group>";
		};
/* End PBXVariantGroup section */

/* Begin XCBuildConfiguration section */
		17E150601E8DCFAE009D34F6 /* Debug */ = {
			isa = XCBuildConfiguration;
			buildSettings = {
				ALWAYS_SEARCH_USER_PATHS = NO;
				CLANG_ANALYZER_NONNULL = YES;
				CLANG_ANALYZER_NUMBER_OBJECT_CONVERSION = YES_AGGRESSIVE;
				CLANG_CXX_LANGUAGE_STANDARD = "gnu++0x";
				CLANG_CXX_LIBRARY = "libc++";
				CLANG_ENABLE_MODULES = YES;
				CLANG_ENABLE_OBJC_ARC = YES;
				CLANG_WARN_BOOL_CONVERSION = YES;
				CLANG_WARN_CONSTANT_CONVERSION = YES;
				CLANG_WARN_DIRECT_OBJC_ISA_USAGE = YES_ERROR;
				CLANG_WARN_DOCUMENTATION_COMMENTS = YES;
				CLANG_WARN_EMPTY_BODY = YES;
				CLANG_WARN_ENUM_CONVERSION = YES;
				CLANG_WARN_INFINITE_RECURSION = YES;
				CLANG_WARN_INT_CONVERSION = YES;
				CLANG_WARN_OBJC_ROOT_CLASS = YES_ERROR;
				CLANG_WARN_SUSPICIOUS_MOVE = YES;
				CLANG_WARN_UNREACHABLE_CODE = YES;
				CLANG_WARN__DUPLICATE_METHOD_MATCH = YES;
				"CODE_SIGN_IDENTITY[sdk=iphoneos*]" = "iPhone Developer";
				COPY_PHASE_STRIP = NO;
				DEBUG_INFORMATION_FORMAT = dwarf;
				ENABLE_STRICT_OBJC_MSGSEND = YES;
				ENABLE_TESTABILITY = YES;
				GCC_C_LANGUAGE_STANDARD = gnu99;
				GCC_DYNAMIC_NO_PIC = NO;
				GCC_NO_COMMON_BLOCKS = YES;
				GCC_OPTIMIZATION_LEVEL = 0;
				GCC_PREPROCESSOR_DEFINITIONS = (
					"DEBUG=1",
					"$(inherited)",
				);
				GCC_WARN_64_TO_32_BIT_CONVERSION = YES;
				GCC_WARN_ABOUT_RETURN_TYPE = YES_ERROR;
				GCC_WARN_UNDECLARED_SELECTOR = YES;
				GCC_WARN_UNINITIALIZED_AUTOS = YES_AGGRESSIVE;
				GCC_WARN_UNUSED_FUNCTION = YES;
				GCC_WARN_UNUSED_VARIABLE = YES;
				IPHONEOS_DEPLOYMENT_TARGET = 10.3;
				MTL_ENABLE_DEBUG_INFO = YES;
				ONLY_ACTIVE_ARCH = YES;
				SDKROOT = iphoneos;
				SWIFT_ACTIVE_COMPILATION_CONDITIONS = DEBUG;
				SWIFT_OPTIMIZATION_LEVEL = "-Onone";
				TARGETED_DEVICE_FAMILY = "1,2";
			};
			name = Debug;
		};
		17E150611E8DCFAE009D34F6 /* Release */ = {
			isa = XCBuildConfiguration;
			buildSettings = {
				ALWAYS_SEARCH_USER_PATHS = NO;
				CLANG_ANALYZER_NONNULL = YES;
				CLANG_ANALYZER_NUMBER_OBJECT_CONVERSION = YES_AGGRESSIVE;
				CLANG_CXX_LANGUAGE_STANDARD = "gnu++0x";
				CLANG_CXX_LIBRARY = "libc++";
				CLANG_ENABLE_MODULES = YES;
				CLANG_ENABLE_OBJC_ARC = YES;
				CLANG_WARN_BOOL_CONVERSION = YES;
				CLANG_WARN_CONSTANT_CONVERSION = YES;
				CLANG_WARN_DIRECT_OBJC_ISA_USAGE = YES_ERROR;
				CLANG_WARN_DOCUMENTATION_COMMENTS = YES;
				CLANG_WARN_EMPTY_BODY = YES;
				CLANG_WARN_ENUM_CONVERSION = YES;
				CLANG_WARN_INFINITE_RECURSION = YES;
				CLANG_WARN_INT_CONVERSION = YES;
				CLANG_WARN_OBJC_ROOT_CLASS = YES_ERROR;
				CLANG_WARN_SUSPICIOUS_MOVE = YES;
				CLANG_WARN_UNREACHABLE_CODE = YES;
				CLANG_WARN__DUPLICATE_METHOD_MATCH = YES;
				"CODE_SIGN_IDENTITY[sdk=iphoneos*]" = "iPhone Developer";
				COPY_PHASE_STRIP = NO;
				DEBUG_INFORMATION_FORMAT = "dwarf-with-dsym";
				ENABLE_NS_ASSERTIONS = NO;
				ENABLE_STRICT_OBJC_MSGSEND = YES;
				GCC_C_LANGUAGE_STANDARD = gnu99;
				GCC_NO_COMMON_BLOCKS = YES;
				GCC_WARN_64_TO_32_BIT_CONVERSION = YES;
				GCC_WARN_ABOUT_RETURN_TYPE = YES_ERROR;
				GCC_WARN_UNDECLARED_SELECTOR = YES;
				GCC_WARN_UNINITIALIZED_AUTOS = YES_AGGRESSIVE;
				GCC_WARN_UNUSED_FUNCTION = YES;
				GCC_WARN_UNUSED_VARIABLE = YES;
				IPHONEOS_DEPLOYMENT_TARGET = 10.3;
				MTL_ENABLE_DEBUG_INFO = NO;
				SDKROOT = iphoneos;
				SWIFT_OPTIMIZATION_LEVEL = "-Owholemodule";
				TARGETED_DEVICE_FAMILY = "1,2";
				VALIDATE_PRODUCT = YES;
			};
			name = Release;
		};
		17E150631E8DCFAE009D34F6 /* Debug */ = {
			isa = XCBuildConfiguration;
			baseConfigurationReference = 315A0CF3FCA0A4B818F1E464 /* Pods-GoCCBC.debug.xcconfig */;
			buildSettings = {
				ASSETCATALOG_COMPILER_APPICON_NAME = AppIcon;
				DEVELOPMENT_TEAM = 3QZ6NZNBEM;
				INFOPLIST_FILE = GoCCBC/Info.plist;
				LD_RUNPATH_SEARCH_PATHS = "$(inherited) @executable_path/Frameworks";
				PRODUCT_BUNDLE_IDENTIFIER = GroupTwo.GoCCBC;
				PRODUCT_NAME = "$(TARGET_NAME)";
				SWIFT_VERSION = 3.0;
			};
			name = Debug;
		};
		17E150641E8DCFAE009D34F6 /* Release */ = {
			isa = XCBuildConfiguration;
			baseConfigurationReference = 49C7CD8606F94FD9941D2F38 /* Pods-GoCCBC.release.xcconfig */;
			buildSettings = {
				ASSETCATALOG_COMPILER_APPICON_NAME = AppIcon;
				DEVELOPMENT_TEAM = 3QZ6NZNBEM;
				INFOPLIST_FILE = GoCCBC/Info.plist;
				LD_RUNPATH_SEARCH_PATHS = "$(inherited) @executable_path/Frameworks";
				PRODUCT_BUNDLE_IDENTIFIER = GroupTwo.GoCCBC;
				PRODUCT_NAME = "$(TARGET_NAME)";
				SWIFT_VERSION = 3.0;
			};
			name = Release;
		};
/* End XCBuildConfiguration section */

/* Begin XCConfigurationList section */
		17E1504B1E8DCFAE009D34F6 /* Build configuration list for PBXProject "GoCCBC" */ = {
			isa = XCConfigurationList;
			buildConfigurations = (
				17E150601E8DCFAE009D34F6 /* Debug */,
				17E150611E8DCFAE009D34F6 /* Release */,
			);
			defaultConfigurationIsVisible = 0;
			defaultConfigurationName = Release;
		};
		17E150621E8DCFAE009D34F6 /* Build configuration list for PBXNativeTarget "GoCCBC" */ = {
			isa = XCConfigurationList;
			buildConfigurations = (
				17E150631E8DCFAE009D34F6 /* Debug */,
				17E150641E8DCFAE009D34F6 /* Release */,
			);
			defaultConfigurationIsVisible = 0;
		};
/* End XCConfigurationList section */
	};
	rootObject = 17E150481E8DCFAE009D34F6 /* Project object */;
}
